// !$*UTF8*$!
{
	archiveVersion = 1;
	classes = {
	};
	objectVersion = 52;
	objects = {

/* Begin PBXBuildFile section */
		CE28B02C24F12E6600BCB558 /* Core in Frameworks */ = {isa = PBXBuildFile; productRef = CE28B02B24F12E6600BCB558 /* Core */; };
		CE7DA45F24F136DF006F9849 /* Info.plist in Resources */ = {isa = PBXBuildFile; fileRef = CE7DA45E24F136DF006F9849 /* Info.plist */; };
		CE7DA46324F136EA006F9849 /* Info.plist in Resources */ = {isa = PBXBuildFile; fileRef = CE7DA46224F136EA006F9849 /* Info.plist */; };
		CE7DA46824F13702006F9849 /* Assets.xcassets in Resources */ = {isa = PBXBuildFile; fileRef = CE7DA46524F13702006F9849 /* Assets.xcassets */; };
		CE7DA46924F13702006F9849 /* Assets.xcassets in Resources */ = {isa = PBXBuildFile; fileRef = CE7DA46524F13702006F9849 /* Assets.xcassets */; };
		CE7DA46A24F13702006F9849 /* Assets.xcassets in Resources */ = {isa = PBXBuildFile; fileRef = CE7DA46524F13702006F9849 /* Assets.xcassets */; };
		CE7DA47424F1370F006F9849 /* Assets.xcassets in Resources */ = {isa = PBXBuildFile; fileRef = CE7DA47224F1370F006F9849 /* Assets.xcassets */; };
		CE7DA47524F1370F006F9849 /* Info.plist in Resources */ = {isa = PBXBuildFile; fileRef = CE7DA47324F1370F006F9849 /* Info.plist */; };
		CE7DA47F24F13719006F9849 /* PushNotificationPayload.apns in Resources */ = {isa = PBXBuildFile; fileRef = CE7DA47724F13719006F9849 /* PushNotificationPayload.apns */; };
		CE7DA48024F13719006F9849 /* ComplicationController.swift in Sources */ = {isa = PBXBuildFile; fileRef = CE7DA47824F13719006F9849 /* ComplicationController.swift */; };
		CE7DA48124F13719006F9849 /* NotificationController.swift in Sources */ = {isa = PBXBuildFile; fileRef = CE7DA47924F13719006F9849 /* NotificationController.swift */; };
		CE7DA48224F13719006F9849 /* Assets.xcassets in Resources */ = {isa = PBXBuildFile; fileRef = CE7DA47A24F13719006F9849 /* Assets.xcassets */; };
		CE7DA48324F13719006F9849 /* ExSmokerApp.swift in Sources */ = {isa = PBXBuildFile; fileRef = CE7DA47B24F13719006F9849 /* ExSmokerApp.swift */; };
		CE7DA48424F13719006F9849 /* NotificationView.swift in Sources */ = {isa = PBXBuildFile; fileRef = CE7DA47C24F13719006F9849 /* NotificationView.swift */; };
		CE7DA48524F13719006F9849 /* ContentView.swift in Sources */ = {isa = PBXBuildFile; fileRef = CE7DA47D24F13719006F9849 /* ContentView.swift */; };
		CE7DA48624F13719006F9849 /* Info.plist in Resources */ = {isa = PBXBuildFile; fileRef = CE7DA47E24F13719006F9849 /* Info.plist */; };
		CE7DA48824F1375B006F9849 /* App.swift in Sources */ = {isa = PBXBuildFile; fileRef = CE7DA48724F1375B006F9849 /* App.swift */; };
/* End PBXBuildFile section */

/* Begin PBXContainerItemProxy section */
		CE28B00B24F12D8500BCB558 /* PBXContainerItemProxy */ = {
			isa = PBXContainerItemProxy;
			containerPortal = CE28AFD824F128F200BCB558 /* Project object */;
			proxyType = 1;
			remoteGlobalIDString = CE28B00824F12D8500BCB558;
			remoteInfo = "ExSmoker (watchOS) Extension";
		};
		CE28B01F24F12D8600BCB558 /* PBXContainerItemProxy */ = {
			isa = PBXContainerItemProxy;
			containerPortal = CE28AFD824F128F200BCB558 /* Project object */;
			proxyType = 1;
			remoteGlobalIDString = CE28AFFF24F12D8500BCB558;
			remoteInfo = "ExSmoker (watchOS)";
		};
/* End PBXContainerItemProxy section */

/* Begin PBXCopyFilesBuildPhase section */
		CE28B02524F12D8600BCB558 /* Embed App Extensions */ = {
			isa = PBXCopyFilesBuildPhase;
			buildActionMask = 2147483647;
			dstPath = "";
			dstSubfolderSpec = 13;
			files = (
			);
			name = "Embed App Extensions";
			runOnlyForDeploymentPostprocessing = 0;
		};
		CE28B02924F12D8600BCB558 /* Embed Watch Content */ = {
			isa = PBXCopyFilesBuildPhase;
			buildActionMask = 2147483647;
			dstPath = "$(CONTENTS_FOLDER_PATH)/Watch";
			dstSubfolderSpec = 16;
			files = (
			);
			name = "Embed Watch Content";
			runOnlyForDeploymentPostprocessing = 0;
		};
/* End PBXCopyFilesBuildPhase section */

/* Begin PBXFileReference section */
		CE28AFE424F128F200BCB558 /* ExSmoker.app */ = {isa = PBXFileReference; explicitFileType = wrapper.application; includeInIndex = 0; name = ExSmoker.app; path = "/Users/vaux/dev/ExSmoker-App/build/Debug-iphoneos/ExSmoker.app"; sourceTree = "<absolute>"; };
		CE28AFEC24F128F200BCB558 /* ExSmoker.app */ = {isa = PBXFileReference; explicitFileType = wrapper.application; includeInIndex = 0; name = ExSmoker.app; path = "/Users/vaux/dev/ExSmoker-App/build/Debug/ExSmoker.app"; sourceTree = "<absolute>"; };
		CE7DA45A24F136B9006F9849 /* .gitignore */ = {isa = PBXFileReference; lastKnownFileType = text; path = .gitignore; sourceTree = "<group>"; };
		CE7DA45B24F136C4006F9849 /* LICENSE */ = {isa = PBXFileReference; lastKnownFileType = text; path = LICENSE; sourceTree = "<group>"; };
		CE7DA45C24F136C4006F9849 /* README.md */ = {isa = PBXFileReference; lastKnownFileType = net.daringfireball.markdown; path = README.md; sourceTree = "<group>"; };
		CE7DA45E24F136DF006F9849 /* Info.plist */ = {isa = PBXFileReference; fileEncoding = 4; lastKnownFileType = text.plist.xml; path = Info.plist; sourceTree = "<group>"; };
		CE7DA46124F136EA006F9849 /* macOS.entitlements */ = {isa = PBXFileReference; fileEncoding = 4; lastKnownFileType = text.plist.entitlements; path = macOS.entitlements; sourceTree = "<group>"; };
		CE7DA46224F136EA006F9849 /* Info.plist */ = {isa = PBXFileReference; fileEncoding = 4; lastKnownFileType = text.plist.xml; path = Info.plist; sourceTree = "<group>"; };
		CE7DA46524F13702006F9849 /* Assets.xcassets */ = {isa = PBXFileReference; lastKnownFileType = folder.assetcatalog; path = Assets.xcassets; sourceTree = "<group>"; };
		CE7DA47224F1370F006F9849 /* Assets.xcassets */ = {isa = PBXFileReference; lastKnownFileType = folder.assetcatalog; path = Assets.xcassets; sourceTree = "<group>"; };
		CE7DA47324F1370F006F9849 /* Info.plist */ = {isa = PBXFileReference; fileEncoding = 4; lastKnownFileType = text.plist.xml; path = Info.plist; sourceTree = "<group>"; };
		CE7DA47724F13719006F9849 /* PushNotificationPayload.apns */ = {isa = PBXFileReference; fileEncoding = 4; lastKnownFileType = text; path = PushNotificationPayload.apns; sourceTree = "<group>"; };
		CE7DA47824F13719006F9849 /* ComplicationController.swift */ = {isa = PBXFileReference; fileEncoding = 4; lastKnownFileType = sourcecode.swift; path = ComplicationController.swift; sourceTree = "<group>"; };
		CE7DA47924F13719006F9849 /* NotificationController.swift */ = {isa = PBXFileReference; fileEncoding = 4; lastKnownFileType = sourcecode.swift; path = NotificationController.swift; sourceTree = "<group>"; };
		CE7DA47A24F13719006F9849 /* Assets.xcassets */ = {isa = PBXFileReference; lastKnownFileType = folder.assetcatalog; path = Assets.xcassets; sourceTree = "<group>"; };
		CE7DA47B24F13719006F9849 /* ExSmokerApp.swift */ = {isa = PBXFileReference; fileEncoding = 4; lastKnownFileType = sourcecode.swift; path = ExSmokerApp.swift; sourceTree = "<group>"; };
		CE7DA47C24F13719006F9849 /* NotificationView.swift */ = {isa = PBXFileReference; fileEncoding = 4; lastKnownFileType = sourcecode.swift; path = NotificationView.swift; sourceTree = "<group>"; };
		CE7DA47D24F13719006F9849 /* ContentView.swift */ = {isa = PBXFileReference; fileEncoding = 4; lastKnownFileType = sourcecode.swift; path = ContentView.swift; sourceTree = "<group>"; };
		CE7DA47E24F13719006F9849 /* Info.plist */ = {isa = PBXFileReference; fileEncoding = 4; lastKnownFileType = text.plist.xml; path = Info.plist; sourceTree = "<group>"; };
		CE7DA48724F1375B006F9849 /* App.swift */ = {isa = PBXFileReference; lastKnownFileType = sourcecode.swift; path = App.swift; sourceTree = "<group>"; };
		CE7DA48924F137B9006F9849 /* ExSmoker.app */ = {isa = PBXFileReference; explicitFileType = wrapper.application; includeInIndex = 0; path = ExSmoker.app; sourceTree = BUILT_PRODUCTS_DIR; };
		CE7DA48A24F137C2006F9849 /* ExSmoker.appex */ = {isa = PBXFileReference; explicitFileType = "wrapper.app-extension"; includeInIndex = 0; path = ExSmoker.appex; sourceTree = BUILT_PRODUCTS_DIR; };
/* End PBXFileReference section */

/* Begin PBXFrameworksBuildPhase section */
		CE28AFE124F128F200BCB558 /* Frameworks */ = {
			isa = PBXFrameworksBuildPhase;
			buildActionMask = 2147483647;
			files = (
				CE28B02C24F12E6600BCB558 /* Core in Frameworks */,
			);
			runOnlyForDeploymentPostprocessing = 0;
		};
		CE28AFE924F128F200BCB558 /* Frameworks */ = {
			isa = PBXFrameworksBuildPhase;
			buildActionMask = 2147483647;
			files = (
			);
			runOnlyForDeploymentPostprocessing = 0;
		};
		CE28B00624F12D8500BCB558 /* Frameworks */ = {
			isa = PBXFrameworksBuildPhase;
			buildActionMask = 2147483647;
			files = (
			);
			runOnlyForDeploymentPostprocessing = 0;
		};
/* End PBXFrameworksBuildPhase section */

/* Begin PBXGroup section */
		CE28AFD724F128F200BCB558 = {
			isa = PBXGroup;
			children = (
				CE7DA45A24F136B9006F9849 /* .gitignore */,
				CE7DA45B24F136C4006F9849 /* LICENSE */,
				CE7DA45C24F136C4006F9849 /* README.md */,
				CE7DA45D24F136DF006F9849 /* iOS */,
				CE7DA46024F136EA006F9849 /* macOS */,
				CE7DA46424F13702006F9849 /* Shared */,
				CE7DA47124F1370F006F9849 /* watchOS */,
				CE7DA47624F13719006F9849 /* watchOS Extension */,
				CE7DA48924F137B9006F9849 /* ExSmoker.app */,
				CE7DA48A24F137C2006F9849 /* ExSmoker.appex */,
			);
			sourceTree = "<group>";
		};
		CE7DA45D24F136DF006F9849 /* iOS */ = {
			isa = PBXGroup;
			children = (
				CE7DA45E24F136DF006F9849 /* Info.plist */,
				CE7DA48724F1375B006F9849 /* App.swift */,
			);
			path = iOS;
			sourceTree = "<group>";
		};
		CE7DA46024F136EA006F9849 /* macOS */ = {
			isa = PBXGroup;
			children = (
				CE7DA46124F136EA006F9849 /* macOS.entitlements */,
				CE7DA46224F136EA006F9849 /* Info.plist */,
			);
			path = macOS;
			sourceTree = "<group>";
		};
		CE7DA46424F13702006F9849 /* Shared */ = {
			isa = PBXGroup;
			children = (
				CE7DA46524F13702006F9849 /* Assets.xcassets */,
			);
			path = Shared;
			sourceTree = "<group>";
		};
		CE7DA47124F1370F006F9849 /* watchOS */ = {
			isa = PBXGroup;
			children = (
				CE7DA47224F1370F006F9849 /* Assets.xcassets */,
				CE7DA47324F1370F006F9849 /* Info.plist */,
			);
			path = watchOS;
			sourceTree = "<group>";
		};
		CE7DA47624F13719006F9849 /* watchOS Extension */ = {
			isa = PBXGroup;
			children = (
				CE7DA47724F13719006F9849 /* PushNotificationPayload.apns */,
				CE7DA47824F13719006F9849 /* ComplicationController.swift */,
				CE7DA47924F13719006F9849 /* NotificationController.swift */,
				CE7DA47A24F13719006F9849 /* Assets.xcassets */,
				CE7DA47B24F13719006F9849 /* ExSmokerApp.swift */,
				CE7DA47C24F13719006F9849 /* NotificationView.swift */,
				CE7DA47D24F13719006F9849 /* ContentView.swift */,
				CE7DA47E24F13719006F9849 /* Info.plist */,
			);
			path = "watchOS Extension";
			sourceTree = "<group>";
		};
/* End PBXGroup section */

/* Begin PBXNativeTarget section */
		CE28AFE324F128F200BCB558 /* ExSmoker (iOS) */ = {
			isa = PBXNativeTarget;
			buildConfigurationList = CE28AFF824F128F200BCB558 /* Build configuration list for PBXNativeTarget "ExSmoker (iOS)" */;
			buildPhases = (
				CE28AFE024F128F200BCB558 /* Sources */,
				CE28AFE124F128F200BCB558 /* Frameworks */,
				CE28AFE224F128F200BCB558 /* Resources */,
				CE28B02924F12D8600BCB558 /* Embed Watch Content */,
			);
			buildRules = (
			);
			dependencies = (
				CE28B02024F12D8600BCB558 /* PBXTargetDependency */,
			);
			name = "ExSmoker (iOS)";
			packageProductDependencies = (
				CE28B02B24F12E6600BCB558 /* Core */,
			);
			productName = "ExSmoker (iOS)";
			productReference = CE28AFE424F128F200BCB558 /* ExSmoker.app */;
			productType = "com.apple.product-type.application";
		};
		CE28AFEB24F128F200BCB558 /* ExSmoker (macOS) */ = {
			isa = PBXNativeTarget;
			buildConfigurationList = CE28AFFB24F128F200BCB558 /* Build configuration list for PBXNativeTarget "ExSmoker (macOS)" */;
			buildPhases = (
				CE28AFE824F128F200BCB558 /* Sources */,
				CE28AFE924F128F200BCB558 /* Frameworks */,
				CE28AFEA24F128F200BCB558 /* Resources */,
			);
			buildRules = (
			);
			dependencies = (
			);
			name = "ExSmoker (macOS)";
			productName = "ExSmoker (macOS)";
			productReference = CE28AFEC24F128F200BCB558 /* ExSmoker.app */;
			productType = "com.apple.product-type.application";
		};
		CE28AFFF24F12D8500BCB558 /* ExSmoker (watchOS) */ = {
			isa = PBXNativeTarget;
			buildConfigurationList = CE28B02624F12D8600BCB558 /* Build configuration list for PBXNativeTarget "ExSmoker (watchOS)" */;
			buildPhases = (
				CE28AFFE24F12D8500BCB558 /* Resources */,
				CE28B02524F12D8600BCB558 /* Embed App Extensions */,
			);
			buildRules = (
			);
			dependencies = (
				CE28B00C24F12D8500BCB558 /* PBXTargetDependency */,
			);
			name = "ExSmoker (watchOS)";
			productName = "ExSmoker (watchOS)";
			productReference = CE7DA48924F137B9006F9849 /* ExSmoker.app */;
			productType = "com.apple.product-type.application.watchapp2";
		};
		CE28B00824F12D8500BCB558 /* ExSmoker (watchOS) Extension */ = {
			isa = PBXNativeTarget;
			buildConfigurationList = CE28B02224F12D8600BCB558 /* Build configuration list for PBXNativeTarget "ExSmoker (watchOS) Extension" */;
			buildPhases = (
				CE28B00524F12D8500BCB558 /* Sources */,
				CE28B00624F12D8500BCB558 /* Frameworks */,
				CE28B00724F12D8500BCB558 /* Resources */,
			);
			buildRules = (
			);
			dependencies = (
			);
			name = "ExSmoker (watchOS) Extension";
			productName = "ExSmoker (watchOS) Extension";
			productReference = CE7DA48A24F137C2006F9849 /* ExSmoker.appex */;
			productType = "com.apple.product-type.watchkit2-extension";
		};
/* End PBXNativeTarget section */

/* Begin PBXProject section */
		CE28AFD824F128F200BCB558 /* Project object */ = {
			isa = PBXProject;
			attributes = {
				LastSwiftUpdateCheck = 1200;
				LastUpgradeCheck = 1200;
				TargetAttributes = {
					CE28AFE324F128F200BCB558 = {
						CreatedOnToolsVersion = 12.0;
					};
					CE28AFEB24F128F200BCB558 = {
						CreatedOnToolsVersion = 12.0;
					};
					CE28AFFF24F12D8500BCB558 = {
						CreatedOnToolsVersion = 12.0;
					};
					CE28B00824F12D8500BCB558 = {
						CreatedOnToolsVersion = 12.0;
					};
				};
			};
			buildConfigurationList = CE28AFDB24F128F200BCB558 /* Build configuration list for PBXProject "ExSmoker" */;
			compatibilityVersion = "Xcode 9.3";
			developmentRegion = en;
			hasScannedForEncodings = 0;
			knownRegions = (
				en,
				Base,
			);
			mainGroup = CE28AFD724F128F200BCB558;
			packageReferences = (
				CE28B02A24F12E6600BCB558 /* XCRemoteSwiftPackageReference "core" */,
			);
			productRefGroup = CE28AFD724F128F200BCB558;
			projectDirPath = "";
			projectRoot = "";
			targets = (
				CE28AFE324F128F200BCB558 /* ExSmoker (iOS) */,
				CE28AFEB24F128F200BCB558 /* ExSmoker (macOS) */,
				CE28AFFF24F12D8500BCB558 /* ExSmoker (watchOS) */,
				CE28B00824F12D8500BCB558 /* ExSmoker (watchOS) Extension */,
			);
		};
/* End PBXProject section */

/* Begin PBXResourcesBuildPhase section */
		CE28AFE224F128F200BCB558 /* Resources */ = {
			isa = PBXResourcesBuildPhase;
			buildActionMask = 2147483647;
			files = (
				CE7DA46824F13702006F9849 /* Assets.xcassets in Resources */,
				CE7DA45F24F136DF006F9849 /* Info.plist in Resources */,
			);
			runOnlyForDeploymentPostprocessing = 0;
		};
		CE28AFEA24F128F200BCB558 /* Resources */ = {
			isa = PBXResourcesBuildPhase;
			buildActionMask = 2147483647;
			files = (
				CE7DA46924F13702006F9849 /* Assets.xcassets in Resources */,
				CE7DA46324F136EA006F9849 /* Info.plist in Resources */,
			);
			runOnlyForDeploymentPostprocessing = 0;
		};
		CE28AFFE24F12D8500BCB558 /* Resources */ = {
			isa = PBXResourcesBuildPhase;
			buildActionMask = 2147483647;
			files = (
				CE7DA47524F1370F006F9849 /* Info.plist in Resources */,
				CE7DA47424F1370F006F9849 /* Assets.xcassets in Resources */,
			);
			runOnlyForDeploymentPostprocessing = 0;
		};
		CE28B00724F12D8500BCB558 /* Resources */ = {
			isa = PBXResourcesBuildPhase;
			buildActionMask = 2147483647;
			files = (
				CE7DA48624F13719006F9849 /* Info.plist in Resources */,
				CE7DA46A24F13702006F9849 /* Assets.xcassets in Resources */,
				CE7DA48224F13719006F9849 /* Assets.xcassets in Resources */,
				CE7DA47F24F13719006F9849 /* PushNotificationPayload.apns in Resources */,
			);
			runOnlyForDeploymentPostprocessing = 0;
		};
/* End PBXResourcesBuildPhase section */

/* Begin PBXSourcesBuildPhase section */
		CE28AFE024F128F200BCB558 /* Sources */ = {
			isa = PBXSourcesBuildPhase;
			buildActionMask = 2147483647;
			files = (
				CE7DA48824F1375B006F9849 /* App.swift in Sources */,
			);
			runOnlyForDeploymentPostprocessing = 0;
		};
		CE28AFE824F128F200BCB558 /* Sources */ = {
			isa = PBXSourcesBuildPhase;
			buildActionMask = 2147483647;
			files = (
			);
			runOnlyForDeploymentPostprocessing = 0;
		};
		CE28B00524F12D8500BCB558 /* Sources */ = {
			isa = PBXSourcesBuildPhase;
			buildActionMask = 2147483647;
			files = (
				CE7DA48324F13719006F9849 /* ExSmokerApp.swift in Sources */,
				CE7DA48524F13719006F9849 /* ContentView.swift in Sources */,
				CE7DA48124F13719006F9849 /* NotificationController.swift in Sources */,
				CE7DA48024F13719006F9849 /* ComplicationController.swift in Sources */,
				CE7DA48424F13719006F9849 /* NotificationView.swift in Sources */,
			);
			runOnlyForDeploymentPostprocessing = 0;
		};
/* End PBXSourcesBuildPhase section */

/* Begin PBXTargetDependency section */
		CE28B00C24F12D8500BCB558 /* PBXTargetDependency */ = {
			isa = PBXTargetDependency;
			target = CE28B00824F12D8500BCB558 /* ExSmoker (watchOS) Extension */;
			targetProxy = CE28B00B24F12D8500BCB558 /* PBXContainerItemProxy */;
		};
		CE28B02024F12D8600BCB558 /* PBXTargetDependency */ = {
			isa = PBXTargetDependency;
			target = CE28AFFF24F12D8500BCB558 /* ExSmoker (watchOS) */;
			targetProxy = CE28B01F24F12D8600BCB558 /* PBXContainerItemProxy */;
		};
/* End PBXTargetDependency section */

/* Begin XCBuildConfiguration section */
		CE28AFF624F128F200BCB558 /* Debug */ = {
			isa = XCBuildConfiguration;
			buildSettings = {
				ALWAYS_SEARCH_USER_PATHS = NO;
				CLANG_ANALYZER_NONNULL = YES;
				CLANG_ANALYZER_NUMBER_OBJECT_CONVERSION = YES_AGGRESSIVE;
				CLANG_CXX_LANGUAGE_STANDARD = "gnu++14";
				CLANG_CXX_LIBRARY = "libc++";
				CLANG_ENABLE_MODULES = YES;
				CLANG_ENABLE_OBJC_ARC = YES;
				CLANG_ENABLE_OBJC_WEAK = YES;
				CLANG_WARN_BLOCK_CAPTURE_AUTORELEASING = YES;
				CLANG_WARN_BOOL_CONVERSION = YES;
				CLANG_WARN_COMMA = YES;
				CLANG_WARN_CONSTANT_CONVERSION = YES;
				CLANG_WARN_DEPRECATED_OBJC_IMPLEMENTATIONS = YES;
				CLANG_WARN_DIRECT_OBJC_ISA_USAGE = YES_ERROR;
				CLANG_WARN_DOCUMENTATION_COMMENTS = YES;
				CLANG_WARN_EMPTY_BODY = YES;
				CLANG_WARN_ENUM_CONVERSION = YES;
				CLANG_WARN_INFINITE_RECURSION = YES;
				CLANG_WARN_INT_CONVERSION = YES;
				CLANG_WARN_NON_LITERAL_NULL_CONVERSION = YES;
				CLANG_WARN_OBJC_IMPLICIT_RETAIN_SELF = YES;
				CLANG_WARN_OBJC_LITERAL_CONVERSION = YES;
				CLANG_WARN_OBJC_ROOT_CLASS = YES_ERROR;
				CLANG_WARN_QUOTED_INCLUDE_IN_FRAMEWORK_HEADER = YES;
				CLANG_WARN_RANGE_LOOP_ANALYSIS = YES;
				CLANG_WARN_STRICT_PROTOTYPES = YES;
				CLANG_WARN_SUSPICIOUS_MOVE = YES;
				CLANG_WARN_UNGUARDED_AVAILABILITY = YES_AGGRESSIVE;
				CLANG_WARN_UNREACHABLE_CODE = YES;
				CLANG_WARN__DUPLICATE_METHOD_MATCH = YES;
				COPY_PHASE_STRIP = NO;
				DEBUG_INFORMATION_FORMAT = dwarf;
				ENABLE_BITCODE = YES;
				ENABLE_STRICT_OBJC_MSGSEND = YES;
				ENABLE_TESTABILITY = YES;
				GCC_C_LANGUAGE_STANDARD = gnu11;
				GCC_DYNAMIC_NO_PIC = NO;
				GCC_NO_COMMON_BLOCKS = YES;
				GCC_OPTIMIZATION_LEVEL = 0;
				GCC_PREPROCESSOR_DEFINITIONS = (
					"DEBUG=1",
					"$(inherited)",
				);
				GCC_WARN_64_TO_32_BIT_CONVERSION = YES;
				GCC_WARN_ABOUT_RETURN_TYPE = YES_ERROR;
				GCC_WARN_UNDECLARED_SELECTOR = YES;
				GCC_WARN_UNINITIALIZED_AUTOS = YES_AGGRESSIVE;
				GCC_WARN_UNUSED_FUNCTION = YES;
				GCC_WARN_UNUSED_VARIABLE = YES;
				IPHONEOS_DEPLOYMENT_TARGET = 14.0;
				MACOSX_DEPLOYMENT_TARGET = 11.0;
				MTL_ENABLE_DEBUG_INFO = INCLUDE_SOURCE;
				MTL_FAST_MATH = YES;
				ONLY_ACTIVE_ARCH = YES;
				PRODUCT_NAME = ExSmoker;
				SWIFT_ACTIVE_COMPILATION_CONDITIONS = DEBUG;
				SWIFT_INSTALL_OBJC_HEADER = NO;
				SWIFT_OPTIMIZATION_LEVEL = "-Onone";
				SWIFT_VERSION = 5.0;
				WATCHOS_DEPLOYMENT_TARGET = 7.0;
			};
			name = Debug;
		};
		CE28AFF724F128F200BCB558 /* Release */ = {
			isa = XCBuildConfiguration;
			buildSettings = {
				ALWAYS_SEARCH_USER_PATHS = NO;
				CLANG_ANALYZER_NONNULL = YES;
				CLANG_ANALYZER_NUMBER_OBJECT_CONVERSION = YES_AGGRESSIVE;
				CLANG_CXX_LANGUAGE_STANDARD = "gnu++14";
				CLANG_CXX_LIBRARY = "libc++";
				CLANG_ENABLE_MODULES = YES;
				CLANG_ENABLE_OBJC_ARC = YES;
				CLANG_ENABLE_OBJC_WEAK = YES;
				CLANG_WARN_BLOCK_CAPTURE_AUTORELEASING = YES;
				CLANG_WARN_BOOL_CONVERSION = YES;
				CLANG_WARN_COMMA = YES;
				CLANG_WARN_CONSTANT_CONVERSION = YES;
				CLANG_WARN_DEPRECATED_OBJC_IMPLEMENTATIONS = YES;
				CLANG_WARN_DIRECT_OBJC_ISA_USAGE = YES_ERROR;
				CLANG_WARN_DOCUMENTATION_COMMENTS = YES;
				CLANG_WARN_EMPTY_BODY = YES;
				CLANG_WARN_ENUM_CONVERSION = YES;
				CLANG_WARN_INFINITE_RECURSION = YES;
				CLANG_WARN_INT_CONVERSION = YES;
				CLANG_WARN_NON_LITERAL_NULL_CONVERSION = YES;
				CLANG_WARN_OBJC_IMPLICIT_RETAIN_SELF = YES;
				CLANG_WARN_OBJC_LITERAL_CONVERSION = YES;
				CLANG_WARN_OBJC_ROOT_CLASS = YES_ERROR;
				CLANG_WARN_QUOTED_INCLUDE_IN_FRAMEWORK_HEADER = YES;
				CLANG_WARN_RANGE_LOOP_ANALYSIS = YES;
				CLANG_WARN_STRICT_PROTOTYPES = YES;
				CLANG_WARN_SUSPICIOUS_MOVE = YES;
				CLANG_WARN_UNGUARDED_AVAILABILITY = YES_AGGRESSIVE;
				CLANG_WARN_UNREACHABLE_CODE = YES;
				CLANG_WARN__DUPLICATE_METHOD_MATCH = YES;
				COPY_PHASE_STRIP = NO;
				DEBUG_INFORMATION_FORMAT = "dwarf-with-dsym";
				ENABLE_BITCODE = YES;
				ENABLE_NS_ASSERTIONS = NO;
				ENABLE_STRICT_OBJC_MSGSEND = YES;
				GCC_C_LANGUAGE_STANDARD = gnu11;
				GCC_NO_COMMON_BLOCKS = YES;
				GCC_OPTIMIZATION_LEVEL = 3;
				GCC_WARN_64_TO_32_BIT_CONVERSION = YES;
				GCC_WARN_ABOUT_RETURN_TYPE = YES_ERROR;
				GCC_WARN_UNDECLARED_SELECTOR = YES;
				GCC_WARN_UNINITIALIZED_AUTOS = YES_AGGRESSIVE;
				GCC_WARN_UNUSED_FUNCTION = YES;
				GCC_WARN_UNUSED_VARIABLE = YES;
				IPHONEOS_DEPLOYMENT_TARGET = 14.0;
				MACOSX_DEPLOYMENT_TARGET = 11.0;
				MTL_ENABLE_DEBUG_INFO = NO;
				MTL_FAST_MATH = YES;
				PRODUCT_NAME = ExSmoker;
				SWIFT_COMPILATION_MODE = wholemodule;
				SWIFT_INSTALL_OBJC_HEADER = NO;
				SWIFT_OPTIMIZATION_LEVEL = "-O";
				SWIFT_VERSION = 5.0;
				WATCHOS_DEPLOYMENT_TARGET = 7.0;
			};
			name = Release;
		};
		CE28AFF924F128F200BCB558 /* Debug */ = {
			isa = XCBuildConfiguration;
			buildSettings = {
				ASSETCATALOG_COMPILER_APPICON_NAME = AppIcon;
				ASSETCATALOG_COMPILER_GLOBAL_ACCENT_COLOR_NAME = AccentColor;
				CODE_SIGN_STYLE = Automatic;
				DEVELOPMENT_TEAM = 7AMWG3RLHN;
				INFOPLIST_FILE = iOS/Info.plist;
				LD_RUNPATH_SEARCH_PATHS = (
					"$(inherited)",
					"@executable_path/Frameworks",
				);
				PRODUCT_BUNDLE_IDENTIFIER = exsmoker.ExSmoker;
				SDKROOT = iphoneos;
				TARGETED_DEVICE_FAMILY = "1,2";
			};
			name = Debug;
		};
		CE28AFFA24F128F200BCB558 /* Release */ = {
			isa = XCBuildConfiguration;
			buildSettings = {
				ASSETCATALOG_COMPILER_APPICON_NAME = AppIcon;
				ASSETCATALOG_COMPILER_GLOBAL_ACCENT_COLOR_NAME = AccentColor;
				CODE_SIGN_STYLE = Automatic;
				DEVELOPMENT_TEAM = 7AMWG3RLHN;
				INFOPLIST_FILE = iOS/Info.plist;
				LD_RUNPATH_SEARCH_PATHS = (
					"$(inherited)",
					"@executable_path/Frameworks",
				);
				PRODUCT_BUNDLE_IDENTIFIER = exsmoker.ExSmoker;
				SDKROOT = iphoneos;
				TARGETED_DEVICE_FAMILY = "1,2";
				VALIDATE_PRODUCT = YES;
			};
			name = Release;
		};
		CE28AFFC24F128F200BCB558 /* Debug */ = {
			isa = XCBuildConfiguration;
			buildSettings = {
				ASSETCATALOG_COMPILER_APPICON_NAME = AppIcon;
				ASSETCATALOG_COMPILER_GLOBAL_ACCENT_COLOR_NAME = AccentColor;
				CODE_SIGN_ENTITLEMENTS = macOS/macOS.entitlements;
				CODE_SIGN_STYLE = Automatic;
				COMBINE_HIDPI_IMAGES = YES;
				DEVELOPMENT_TEAM = 7AMWG3RLHN;
				ENABLE_HARDENED_RUNTIME = YES;
				INFOPLIST_FILE = macOS/Info.plist;
				LD_RUNPATH_SEARCH_PATHS = (
					"$(inherited)",
					"@executable_path/../Frameworks",
				);
				PRODUCT_BUNDLE_IDENTIFIER = exsmoker.ExSmoker;
				SDKROOT = macosx;
			};
			name = Debug;
		};
		CE28AFFD24F128F200BCB558 /* Release */ = {
			isa = XCBuildConfiguration;
			buildSettings = {
				ASSETCATALOG_COMPILER_APPICON_NAME = AppIcon;
				ASSETCATALOG_COMPILER_GLOBAL_ACCENT_COLOR_NAME = AccentColor;
				CODE_SIGN_ENTITLEMENTS = macOS/macOS.entitlements;
				CODE_SIGN_STYLE = Automatic;
				COMBINE_HIDPI_IMAGES = YES;
				DEVELOPMENT_TEAM = 7AMWG3RLHN;
				ENABLE_HARDENED_RUNTIME = YES;
				INFOPLIST_FILE = macOS/Info.plist;
				LD_RUNPATH_SEARCH_PATHS = (
					"$(inherited)",
					"@executable_path/../Frameworks",
				);
				PRODUCT_BUNDLE_IDENTIFIER = exsmoker.ExSmoker;
				SDKROOT = macosx;
			};
			name = Release;
		};
		CE28B02324F12D8600BCB558 /* Debug */ = {
			isa = XCBuildConfiguration;
			buildSettings = {
				ASSETCATALOG_COMPILER_COMPLICATION_NAME = Complication;
				CODE_SIGN_STYLE = Automatic;
				DEVELOPMENT_TEAM = 7AMWG3RLHN;
				INFOPLIST_FILE = "watchOS Extension/Info.plist";
				LD_RUNPATH_SEARCH_PATHS = (
					"$(inherited)",
					"@executable_path/Frameworks",
					"@executable_path/../../Frameworks",
				);
				PRODUCT_BUNDLE_IDENTIFIER = exsmoker.ExSmoker.watchkitapp.watchkitextension;
				SDKROOT = watchos;
				SKIP_INSTALL = YES;
				TARGETED_DEVICE_FAMILY = 4;
			};
			name = Debug;
		};
		CE28B02424F12D8600BCB558 /* Release */ = {
			isa = XCBuildConfiguration;
			buildSettings = {
				ASSETCATALOG_COMPILER_COMPLICATION_NAME = Complication;
				CODE_SIGN_STYLE = Automatic;
				DEVELOPMENT_TEAM = 7AMWG3RLHN;
				INFOPLIST_FILE = "watchOS Extension/Info.plist";
				LD_RUNPATH_SEARCH_PATHS = (
					"$(inherited)",
					"@executable_path/Frameworks",
					"@executable_path/../../Frameworks",
				);
				PRODUCT_BUNDLE_IDENTIFIER = exsmoker.ExSmoker.watchkitapp.watchkitextension;
				SDKROOT = watchos;
				SKIP_INSTALL = YES;
				TARGETED_DEVICE_FAMILY = 4;
				VALIDATE_PRODUCT = YES;
			};
			name = Release;
		};
		CE28B02724F12D8600BCB558 /* Debug */ = {
			isa = XCBuildConfiguration;
			buildSettings = {
				ASSETCATALOG_COMPILER_APPICON_NAME = AppIcon;
				ASSETCATALOG_COMPILER_GLOBAL_ACCENT_COLOR_NAME = AccentColor;
				CODE_SIGN_STYLE = Automatic;
				DEVELOPMENT_TEAM = 7AMWG3RLHN;
				IBSC_MODULE = ExSmoker__watchOS__Extension;
				INFOPLIST_FILE = watchOS/Info.plist;
				PRODUCT_BUNDLE_IDENTIFIER = exsmoker.ExSmoker.watchkitapp;
				SDKROOT = watchos;
				SKIP_INSTALL = YES;
				TARGETED_DEVICE_FAMILY = 4;
			};
			name = Debug;
		};
		CE28B02824F12D8600BCB558 /* Release */ = {
			isa = XCBuildConfiguration;
			buildSettings = {
				ASSETCATALOG_COMPILER_APPICON_NAME = AppIcon;
				ASSETCATALOG_COMPILER_GLOBAL_ACCENT_COLOR_NAME = AccentColor;
				CODE_SIGN_STYLE = Automatic;
				DEVELOPMENT_TEAM = 7AMWG3RLHN;
				IBSC_MODULE = ExSmoker__watchOS__Extension;
				INFOPLIST_FILE = watchOS/Info.plist;
				PRODUCT_BUNDLE_IDENTIFIER = exsmoker.ExSmoker.watchkitapp;
				SDKROOT = watchos;
				SKIP_INSTALL = YES;
				TARGETED_DEVICE_FAMILY = 4;
				VALIDATE_PRODUCT = YES;
			};
			name = Release;
		};
/* End XCBuildConfiguration section */

/* Begin XCConfigurationList section */
		CE28AFDB24F128F200BCB558 /* Build configuration list for PBXProject "ExSmoker" */ = {
			isa = XCConfigurationList;
			buildConfigurations = (
				CE28AFF624F128F200BCB558 /* Debug */,
				CE28AFF724F128F200BCB558 /* Release */,
			);
			defaultConfigurationIsVisible = 0;
			defaultConfigurationName = Release;
		};
		CE28AFF824F128F200BCB558 /* Build configuration list for PBXNativeTarget "ExSmoker (iOS)" */ = {
			isa = XCConfigurationList;
			buildConfigurations = (
				CE28AFF924F128F200BCB558 /* Debug */,
				CE28AFFA24F128F200BCB558 /* Release */,
			);
			defaultConfigurationIsVisible = 0;
			defaultConfigurationName = Release;
		};
		CE28AFFB24F128F200BCB558 /* Build configuration list for PBXNativeTarget "ExSmoker (macOS)" */ = {
			isa = XCConfigurationList;
			buildConfigurations = (
				CE28AFFC24F128F200BCB558 /* Debug */,
				CE28AFFD24F128F200BCB558 /* Release */,
			);
			defaultConfigurationIsVisible = 0;
			defaultConfigurationName = Release;
		};
		CE28B02224F12D8600BCB558 /* Build configuration list for PBXNativeTarget "ExSmoker (watchOS) Extension" */ = {
			isa = XCConfigurationList;
			buildConfigurations = (
				CE28B02324F12D8600BCB558 /* Debug */,
				CE28B02424F12D8600BCB558 /* Release */,
			);
			defaultConfigurationIsVisible = 0;
			defaultConfigurationName = Release;
		};
		CE28B02624F12D8600BCB558 /* Build configuration list for PBXNativeTarget "ExSmoker (watchOS)" */ = {
			isa = XCConfigurationList;
			buildConfigurations = (
				CE28B02724F12D8600BCB558 /* Debug */,
				CE28B02824F12D8600BCB558 /* Release */,
			);
			defaultConfigurationIsVisible = 0;
			defaultConfigurationName = Release;
		};
/* End XCConfigurationList section */

/* Begin XCRemoteSwiftPackageReference section */
		CE28B02A24F12E6600BCB558 /* XCRemoteSwiftPackageReference "core" */ = {
			isa = XCRemoteSwiftPackageReference;
			repositoryURL = "https://github.com/exsmoker/core.git";
			requirement = {
				branch = main;
				kind = branch;
			};
		};
/* End XCRemoteSwiftPackageReference section */

/* Begin XCSwiftPackageProductDependency section */
		CE28B02B24F12E6600BCB558 /* Core */ = {
			isa = XCSwiftPackageProductDependency;
			package = CE28B02A24F12E6600BCB558 /* XCRemoteSwiftPackageReference "core" */;
			productName = Core;
		};
/* End XCSwiftPackageProductDependency section */
	};
	rootObject = CE28AFD824F128F200BCB558 /* Project object */;
}
