{
  "object": {
    "pins": [
      {
        "package": "Balam",
        "repositoryURL": "https://github.com/catverse/balam",
        "state": {
          "branch": "master",
          "revision": "d3be40eec44f3d725ceeef0f913d567740133855",
          "version": null
        }
      },
      {
        "package": "Core",
        "repositoryURL": "https://github.com/exsmoker/core.git",
        "state": {
          "branch": "main",
          "revision": "d322c35ae4922442fa7d834f729c7ea8cb5485ce",
          "version": null
        }
      }
    ]
  },
  "version": 1
}
