{
  "object": {
    "pins": [
      {
        "package": "Balam",
        "repositoryURL": "https://github.com/catverse/balam",
        "state": {
          "branch": "master",
          "revision": "d3be40eec44f3d725ceeef0f913d567740133855",
          "version": null
        }
      },
      {
        "package": "Core",
        "repositoryURL": "https://github.com/exsmoker/core.git",
        "state": {
          "branch": "main",
          "revision": "f432c7c023c13fa8dc5b6614ef2c6de0f3211c7d",
          "version": null
        }
      }
    ]
  },
  "version": 1
}
