{
  "object": {
    "pins": [
      {
        "package": "Balam",
        "repositoryURL": "https://github.com/catverse/balam",
        "state": {
          "branch": "master",
          "revision": "8cace2cac937e792c18531e088a4b5ddbc3ee111",
          "version": null
        }
      },
      {
        "package": "Core",
        "repositoryURL": "https://github.com/exsmoker/core.git",
        "state": {
          "branch": "main",
          "revision": "504342e49bc53622738697a73f791b94934af35e",
          "version": null
        }
      }
    ]
  },
  "version": 1
}
